
Microsoft Visual Studio Solution File, Format Version 12.00
Project("{FAE04EC0-301F-11D3-BF4B-00C04F79EFBC}") = "CarDealershipSeeder", "CarDealershipSeeder\CarDealershipSeeder.csproj", "{F00856B4-5527-4547-810B-8BD64534C92F}"
EndProject
Project("{FAE04EC0-301F-11D3-BF4B-00C04F79EFBC}") = "Data", "Data\Data.csproj", "{0D95B62D-3A67-4263-96EF-F69B4F801908}"
EndProject
Global
	GlobalSection(SolutionConfigurationPlatforms) = preSolution
		Debug|Any CPU = Debug|Any CPU
		Release|Any CPU = Release|Any CPU
	EndGlobalSection
	GlobalSection(ProjectConfigurationPlatforms) = postSolution
		{F00856B4-5527-4547-810B-8BD64534C92F}.Debug|Any CPU.ActiveCfg = Debug|Any CPU
		{F00856B4-5527-4547-810B-8BD64534C92F}.Debug|Any CPU.Build.0 = Debug|Any CPU
		{F00856B4-5527-4547-810B-8BD64534C92F}.Release|Any CPU.ActiveCfg = Release|Any CPU
		{F00856B4-5527-4547-810B-8BD64534C92F}.Release|Any CPU.Build.0 = Release|Any CPU
		{0D95B62D-3A67-4263-96EF-F69B4F801908}.Debug|Any CPU.ActiveCfg = Debug|Any CPU
		{0D95B62D-3A67-4263-96EF-F69B4F801908}.Debug|Any CPU.Build.0 = Debug|Any CPU
		{0D95B62D-3A67-4263-96EF-F69B4F801908}.Release|Any CPU.ActiveCfg = Release|Any CPU
		{0D95B62D-3A67-4263-96EF-F69B4F801908}.Release|Any CPU.Build.0 = Release|Any CPU
	EndGlobalSection
EndGlobal
